// !$*UTF8*$!
{
	archiveVersion = 1;
	classes = {
	};
	objectVersion = 46;
	objects = {

/* Begin PBXBuildFile section */
		44BBA8591D23FB8F0051C8EB /* main.cpp in Sources */ = {isa = PBXBuildFile; fileRef = 44BBA8581D23FB8F0051C8EB /* main.cpp */; };
/* End PBXBuildFile section */

/* Begin PBXCopyFilesBuildPhase section */
		44BBA8531D23FB8F0051C8EB /* CopyFiles */ = {
			isa = PBXCopyFilesBuildPhase;
			buildActionMask = 2147483647;
			dstPath = /usr/share/man/man1/;
			dstSubfolderSpec = 0;
			files = (
			);
			runOnlyForDeploymentPostprocessing = 1;
		};
/* End PBXCopyFilesBuildPhase section */

/* Begin PBXFileReference section */
		44BBA8551D23FB8F0051C8EB /* sjtu-oj-1036 */ = {isa = PBXFileReference; explicitFileType = "compiled.mach-o.executable"; includeInIndex = 0; path = "sjtu-oj-1036"; sourceTree = BUILT_PRODUCTS_DIR; };
		44BBA8581D23FB8F0051C8EB /* main.cpp */ = {isa = PBXFileReference; lastKnownFileType = sourcecode.cpp.cpp; path = main.cpp; sourceTree = "<group>"; };
/* End PBXFileReference section */

/* Begin PBXFrameworksBuildPhase section */
		44BBA8521D23FB8F0051C8EB /* Frameworks */ = {
			isa = PBXFrameworksBuildPhase;
			buildActionMask = 2147483647;
			files = (
			);
			runOnlyForDeploymentPostprocessing = 0;
		};
/* End PBXFrameworksBuildPhase section */

/* Begin PBXGroup section */
		44BBA84C1D23FB8F0051C8EB = {
			isa = PBXGroup;
			children = (
				44BBA8571D23FB8F0051C8EB /* sjtu-oj-1036 */,
				44BBA8561D23FB8F0051C8EB /* Products */,
			);
			sourceTree = "<group>";
		};
		44BBA8561D23FB8F0051C8EB /* Products */ = {
			isa = PBXGroup;
			children = (
				44BBA8551D23FB8F0051C8EB /* sjtu-oj-1036 */,
			);
			name = Products;
			sourceTree = "<group>";
		};
		44BBA8571D23FB8F0051C8EB /* sjtu-oj-1036 */ = {
			isa = PBXGroup;
			children = (
				44BBA8581D23FB8F0051C8EB /* main.cpp */,
			);
			path = "sjtu-oj-1036";
			sourceTree = "<group>";
		};
/* End PBXGroup section */

/* Begin PBXNativeTarget section */
		44BBA8541D23FB8F0051C8EB /* sjtu-oj-1036 */ = {
			isa = PBXNativeTarget;
			buildConfigurationList = 44BBA85C1D23FB8F0051C8EB /* Build configuration list for PBXNativeTarget "sjtu-oj-1036" */;
			buildPhases = (
				44BBA8511D23FB8F0051C8EB /* Sources */,
				44BBA8521D23FB8F0051C8EB /* Frameworks */,
				44BBA8531D23FB8F0051C8EB /* CopyFiles */,
			);
			buildRules = (
			);
			dependencies = (
			);
			name = "sjtu-oj-1036";
			productName = "sjtu-oj-1036";
			productReference = 44BBA8551D23FB8F0051C8EB /* sjtu-oj-1036 */;
			productType = "com.apple.product-type.tool";
		};
/* End PBXNativeTarget section */

/* Begin PBXProject section */
		44BBA84D1D23FB8F0051C8EB /* Project object */ = {
			isa = PBXProject;
			attributes = {
				LastUpgradeCheck = 0730;
				ORGANIZATIONNAME = vivi;
				TargetAttributes = {
					44BBA8541D23FB8F0051C8EB = {
						CreatedOnToolsVersion = 7.3.1;
					};
				};
			};
			buildConfigurationList = 44BBA8501D23FB8F0051C8EB /* Build configuration list for PBXProject "sjtu-oj-1036" */;
			compatibilityVersion = "Xcode 3.2";
			developmentRegion = English;
			hasScannedForEncodings = 0;
			knownRegions = (
				en,
			);
			mainGroup = 44BBA84C1D23FB8F0051C8EB;
			productRefGroup = 44BBA8561D23FB8F0051C8EB /* Products */;
			projectDirPath = "";
			projectRoot = "";
			targets = (
				44BBA8541D23FB8F0051C8EB /* sjtu-oj-1036 */,
			);
		};
/* End PBXProject section */

/* Begin PBXSourcesBuildPhase section */
		44BBA8511D23FB8F0051C8EB /* Sources */ = {
			isa = PBXSourcesBuildPhase;
			buildActionMask = 2147483647;
			files = (
				44BBA8591D23FB8F0051C8EB /* main.cpp in Sources */,
			);
			runOnlyForDeploymentPostprocessing = 0;
		};
/* End PBXSourcesBuildPhase section */

/* Begin XCBuildConfiguration section */
		44BBA85A1D23FB8F0051C8EB /* Debug */ = {
			isa = XCBuildConfiguration;
			buildSettings = {
				ALWAYS_SEARCH_USER_PATHS = NO;
				CLANG_ANALYZER_NONNULL = YES;
				CLANG_CXX_LANGUAGE_STANDARD = "gnu++0x";
				CLANG_CXX_LIBRARY = "libc++";
				CLANG_ENABLE_MODULES = YES;
				CLANG_ENABLE_OBJC_ARC = YES;
				CLANG_WARN_BOOL_CONVERSION = YES;
				CLANG_WARN_CONSTANT_CONVERSION = YES;
				CLANG_WARN_DIRECT_OBJC_ISA_USAGE = YES_ERROR;
				CLANG_WARN_EMPTY_BODY = YES;
				CLANG_WARN_ENUM_CONVERSION = YES;
				CLANG_WARN_INT_CONVERSION = YES;
				CLANG_WARN_OBJC_ROOT_CLASS = YES_ERROR;
				CLANG_WARN_UNREACHABLE_CODE = YES;
				CLANG_WARN__DUPLICATE_METHOD_MATCH = YES;
				CODE_SIGN_IDENTITY = "-";
				COPY_PHASE_STRIP = NO;
				DEBUG_INFORMATION_FORMAT = dwarf;
				ENABLE_STRICT_OBJC_MSGSEND = YES;
				ENABLE_TESTABILITY = YES;
				GCC_C_LANGUAGE_STANDARD = gnu99;
				GCC_DYNAMIC_NO_PIC = NO;
				GCC_NO_COMMON_BLOCKS = YES;
				GCC_OPTIMIZATION_LEVEL = 0;
				GCC_PREPROCESSOR_DEFINITIONS = (
					"DEBUG=1",
					"$(inherited)",
				);
				GCC_WARN_64_TO_32_BIT_CONVERSION = YES;
				GCC_WARN_ABOUT_RETURN_TYPE = YES_ERROR;
				GCC_WARN_UNDECLARED_SELECTOR = YES;
				GCC_WARN_UNINITIALIZED_AUTOS = YES_AGGRESSIVE;
				GCC_WARN_UNUSED_FUNCTION = YES;
				GCC_WARN_UNUSED_VARIABLE = YES;
				MACOSX_DEPLOYMENT_TARGET = 10.11;
				MTL_ENABLE_DEBUG_INFO = YES;
				ONLY_ACTIVE_ARCH = YES;
				SDKROOT = macosx;
			};
			name = Debug;
		};
		44BBA85B1D23FB8F0051C8EB /* Release */ = {
			isa = XCBuildConfiguration;
			buildSettings = {
				ALWAYS_SEARCH_USER_PATHS = NO;
				CLANG_ANALYZER_NONNULL = YES;
				CLANG_CXX_LANGUAGE_STANDARD = "gnu++0x";
				CLANG_CXX_LIBRARY = "libc++";
				CLANG_ENABLE_MODULES = YES;
				CLANG_ENABLE_OBJC_ARC = YES;
				CLANG_WARN_BOOL_CONVERSION = YES;
				CLANG_WARN_CONSTANT_CONVERSION = YES;
				CLANG_WARN_DIRECT_OBJC_ISA_USAGE = YES_ERROR;
				CLANG_WARN_EMPTY_BODY = YES;
				CLANG_WARN_ENUM_CONVERSION = YES;
				CLANG_WARN_INT_CONVERSION = YES;
				CLANG_WARN_OBJC_ROOT_CLASS = YES_ERROR;
				CLANG_WARN_UNREACHABLE_CODE = YES;
				CLANG_WARN__DUPLICATE_METHOD_MATCH = YES;
				CODE_SIGN_IDENTITY = "-";
				COPY_PHASE_STRIP = NO;
				DEBUG_INFORMATION_FORMAT = "dwarf-with-dsym";
				ENABLE_NS_ASSERTIONS = NO;
				ENABLE_STRICT_OBJC_MSGSEND = YES;
				GCC_C_LANGUAGE_STANDARD = gnu99;
				GCC_NO_COMMON_BLOCKS = YES;
				GCC_WARN_64_TO_32_BIT_CONVERSION = YES;
				GCC_WARN_ABOUT_RETURN_TYPE = YES_ERROR;
				GCC_WARN_UNDECLARED_SELECTOR = YES;
				GCC_WARN_UNINITIALIZED_AUTOS = YES_AGGRESSIVE;
				GCC_WARN_UNUSED_FUNCTION = YES;
				GCC_WARN_UNUSED_VARIABLE = YES;
				MACOSX_DEPLOYMENT_TARGET = 10.11;
				MTL_ENABLE_DEBUG_INFO = NO;
				SDKROOT = macosx;
			};
			name = Release;
		};
		44BBA85D1D23FB8F0051C8EB /* Debug */ = {
			isa = XCBuildConfiguration;
			buildSettings = {
				PRODUCT_NAME = "$(TARGET_NAME)";
			};
			name = Debug;
		};
		44BBA85E1D23FB8F0051C8EB /* Release */ = {
			isa = XCBuildConfiguration;
			buildSettings = {
				PRODUCT_NAME = "$(TARGET_NAME)";
			};
			name = Release;
		};
/* End XCBuildConfiguration section */

/* Begin XCConfigurationList section */
		44BBA8501D23FB8F0051C8EB /* Build configuration list for PBXProject "sjtu-oj-1036" */ = {
			isa = XCConfigurationList;
			buildConfigurations = (
				44BBA85A1D23FB8F0051C8EB /* Debug */,
				44BBA85B1D23FB8F0051C8EB /* Release */,
			);
			defaultConfigurationIsVisible = 0;
			defaultConfigurationName = Release;
		};
		44BBA85C1D23FB8F0051C8EB /* Build configuration list for PBXNativeTarget "sjtu-oj-1036" */ = {
			isa = XCConfigurationList;
			buildConfigurations = (
				44BBA85D1D23FB8F0051C8EB /* Debug */,
				44BBA85E1D23FB8F0051C8EB /* Release */,
			);
			defaultConfigurationIsVisible = 0;
		};
/* End XCConfigurationList section */
	};
	rootObject = 44BBA84D1D23FB8F0051C8EB /* Project object */;
}
